
Microsoft Visual Studio Solution File, Format Version 12.00
# Visual Studio Version 16
VisualStudioVersion = 16.0.31005.135
MinimumVisualStudioVersion = 10.0.40219.1
Project("{FAE04EC0-301F-11D3-BF4B-00C04F79EFBC}") = "edmi-meters-backend", "edmi-meters-backend.csproj", "{0AD49B90-5A72-4CF5-83D5-AC4B72E96EA3}"
EndProject
Global
	GlobalSection(SolutionConfigurationPlatforms) = preSolution
		Debug|Any CPU = Debug|Any CPU
		Release|Any CPU = Release|Any CPU
	EndGlobalSection
	GlobalSection(ProjectConfigurationPlatforms) = postSolution
		{0AD49B90-5A72-4CF5-83D5-AC4B72E96EA3}.Debug|Any CPU.ActiveCfg = Debug|Any CPU
		{0AD49B90-5A72-4CF5-83D5-AC4B72E96EA3}.Debug|Any CPU.Build.0 = Debug|Any CPU
		{0AD49B90-5A72-4CF5-83D5-AC4B72E96EA3}.Release|Any CPU.ActiveCfg = Release|Any CPU
		{0AD49B90-5A72-4CF5-83D5-AC4B72E96EA3}.Release|Any CPU.Build.0 = Release|Any CPU
	EndGlobalSection
	GlobalSection(SolutionProperties) = preSolution
		HideSolutionNode = FALSE
	EndGlobalSection
	GlobalSection(ExtensibilityGlobals) = postSolution
		SolutionGuid = {2EDF5BEF-79CF-475C-830B-6ED1F5A0A4F5}
	EndGlobalSection
EndGlobal
